
Microsoft Visual Studio Solution File, Format Version 12.00
# Visual Studio Version 17
VisualStudioVersion = 17.6.33815.320
MinimumVisualStudioVersion = 10.0.40219.1
Project("{FAE04EC0-301F-11D3-BF4B-00C04F79EFBC}") = "MqttDemo", "MqttDemo\MqttDemo.csproj", "{130A36DB-9E65-4B03-A778-171B59C626C2}"
EndProject
Global
	GlobalSection(SolutionConfigurationPlatforms) = preSolution
		Debug|Any CPU = Debug|Any CPU
		Release|Any CPU = Release|Any CPU
	EndGlobalSection
	GlobalSection(ProjectConfigurationPlatforms) = postSolution
		{130A36DB-9E65-4B03-A778-171B59C626C2}.Debug|Any CPU.ActiveCfg = Debug|Any CPU
		{130A36DB-9E65-4B03-A778-171B59C626C2}.Debug|Any CPU.Build.0 = Debug|Any CPU
		{130A36DB-9E65-4B03-A778-171B59C626C2}.Release|Any CPU.ActiveCfg = Release|Any CPU
		{130A36DB-9E65-4B03-A778-171B59C626C2}.Release|Any CPU.Build.0 = Release|Any CPU
	EndGlobalSection
	GlobalSection(SolutionProperties) = preSolution
		HideSolutionNode = FALSE
	EndGlobalSection
	GlobalSection(ExtensibilityGlobals) = postSolution
		SolutionGuid = {03001BCA-80C4-4219-BCD7-CB82853CF719}
	EndGlobalSection
EndGlobal
